version: 7
platforms:
- name: linux-64
  virtual-packages:
  - __unix=0=0
  - __linux=4.18
  - __glibc=2.28
  - __archspec=0=x86_64
- name: osx-arm64
  virtual-packages:
  - __unix=0=0
  - __osx=13.0
  - __archspec=0=m1
- name: win-64
  virtual-packages:
  - __win=10.0
  - __archspec=0=x86_64
environments:
  default:
    channels:
    - url: https://prefix.dev/conda-forge/
    - url: https://prefix.dev/common-lisp/common-lisp/
    - url: https://conda.anaconda.org/conda-forge/
    packages:
      linux-64:
      - conda: https://prefix.dev/conda-forge/linux-64/_openmp_mutex-4.5-20_gnu.conda
      - conda: https://prefix.dev/conda-forge/linux-64/binutils_impl_linux-64-2.46.1-default_hfdba357_102.conda
      - conda: https://prefix.dev/conda-forge/linux-64/c-compiler-2.0.0-ha29393d_0.conda
      - conda: https://prefix.dev/conda-forge/linux-64/conda-gcc-specs-15.3.0-h8846f6e_7.conda
      - conda: https://prefix.dev/conda-forge/linux-64/gcc-15.3.0-hc6a0c74_7.conda
      - conda: https://prefix.dev/conda-forge/linux-64/gcc_impl_linux-64-15.3.0-h6ad849d_7.conda
      - conda: https://prefix.dev/conda-forge/linux-64/ld_impl_linux-64-2.46.1-default_hbd61a6d_102.conda
      - conda: https://prefix.dev/conda-forge/linux-64/libgcc-16.2.0-ha9f2e26_7.conda
      - conda: https://prefix.dev/conda-forge/linux-64/libgomp-16.2.0-he0feb66_7.conda
      - conda: https://prefix.dev/conda-forge/linux-64/libsanitizer-15.3.0-h54950a5_7.conda
      - conda: https://prefix.dev/conda-forge/linux-64/libstdcxx-16.2.0-h934c35e_7.conda
      - conda: https://prefix.dev/conda-forge/linux-64/libzlib-1.3.2-h25fd6f3_3.conda
      - conda: https://prefix.dev/conda-forge/linux-64/sbcl-2.6.9-h7ddf93c_0.conda
      - conda: https://prefix.dev/conda-forge/linux-64/zstd-1.5.7-hb78ec9c_7.conda
      - conda: https://prefix.dev/conda-forge/noarch/kernel-headers_linux-64-4.18.0-he073ed8_9.conda
      - conda: https://prefix.dev/conda-forge/noarch/libgcc-devel_linux-64-15.3.0-h2b852eb_107.conda
      - conda: https://prefix.dev/conda-forge/noarch/libstdcxx-devel_linux-64-15.3.0-hb2c5482_107.conda
      - conda: https://prefix.dev/conda-forge/noarch/sysroot_linux-64-2.28-h4ee821c_9.conda
      - conda: https://prefix.dev/conda-forge/noarch/tzdata-2026c-h151e31d_0.conda
      - conda: https://prefix.dev/digikar/common-lisp/noarch/acclimation-0.0.0.2024.05.20-h4616a5c_0.conda
      - conda: https://prefix.dev/digikar/common-lisp/noarch/alexandria-0.0.0.2026.05.12-h4616a5c_0.conda
      - conda: https://prefix.dev/digikar/common-lisp/noarch/cl-asdf-3.3.7.4-h4616a5c_2.conda
      - conda: https://prefix.dev/digikar/common-lisp/noarch/cl-babel-0.0.0.2025.09.05-h4616a5c_0.conda
      - conda: https://prefix.dev/digikar/common-lisp/noarch/cl-cffi-0.24.1.2026.08.21-h39481bf_3.conda
      - conda: https://prefix.dev/digikar/common-lisp/noarch/closer-mop-0.0.0.2026.08.29-h4616a5c_0.conda
      - conda: https://prefix.dev/digikar/common-lisp/noarch/concrete-syntax-tree-0.3.0-h4616a5c_0.conda
      - conda: https://prefix.dev/digikar/common-lisp/noarch/eclector-0.12.0-h4616a5c_0.conda
      - conda: https://prefix.dev/digikar/common-lisp/noarch/styled-strings-0.0.0.2026.09.26-h4616a5c_0.conda
      - conda: https://prefix.dev/digikar/common-lisp/noarch/trivial-features-0.0.0.2026.09.08-h4616a5c_0.conda
      - conda: https://prefix.dev/digikar/common-lisp/noarch/trivial-gray-streams-0.0.0.2026.08.17-h4616a5c_0.conda
      osx-arm64:
      - conda: https://prefix.dev/conda-forge/noarch/ca-certificates-2026.7.22-hbd8a1cb_0.conda
      - conda: https://prefix.dev/conda-forge/noarch/compiler-rt21_osx-arm64-21.1.8-hb8825d9_2.conda
      - conda: https://prefix.dev/conda-forge/noarch/compiler-rt_osx-arm64-21.1.8-hce30654_2.conda
      - conda: https://prefix.dev/conda-forge/osx-arm64/c-compiler-2.0.0-h39478f8_0.conda
      - conda: https://prefix.dev/conda-forge/osx-arm64/cctools-1030.6.3-llvm21_1_h8e84c17_6.conda
      - conda: https://prefix.dev/conda-forge/osx-arm64/cctools_impl_osx-arm64-1030.6.3-llvm21_1_h2e2604f_6.conda
      - conda: https://prefix.dev/conda-forge/osx-arm64/clang-21-21.1.8-default_h4399b93_6.conda
      - conda: https://prefix.dev/conda-forge/osx-arm64/clang-21.1.8-default_cfg_h7f0254a_6.conda
      - conda: https://prefix.dev/conda-forge/osx-arm64/clang_impl_osx-arm64-21.1.8-default_hc11f16d_6.conda
      - conda: https://prefix.dev/conda-forge/osx-arm64/compiler-rt-21.1.8-hce30654_2.conda
      - conda: https://prefix.dev/conda-forge/osx-arm64/compiler-rt21-21.1.8-hdb3d66b_2.conda
      - conda: https://prefix.dev/conda-forge/osx-arm64/icu-78.3-py310h579977c_2.conda
      - conda: https://prefix.dev/conda-forge/osx-arm64/ld64-956.6-llvm21_1_h5d6df6c_6.conda
      - conda: https://prefix.dev/conda-forge/osx-arm64/ld64_osx-arm64-956.6-llvm21_1_h1a10cc4_6.conda
      - conda: https://prefix.dev/conda-forge/osx-arm64/libclang-cpp21.1-21.1.8-default_h4399b93_6.conda
      - conda: https://prefix.dev/conda-forge/osx-arm64/libcompiler-rt-21.1.8-hdb3d66b_2.conda
      - conda: https://prefix.dev/conda-forge/osx-arm64/libcxx-23.1.2-h55c6f16_0.conda
      - conda: https://prefix.dev/conda-forge/osx-arm64/libiconv-1.18-he4c29f2_3.conda
      - conda: https://prefix.dev/conda-forge/osx-arm64/libllvm21-21.1.8-h759d1ac_1.conda
      - conda: https://prefix.dev/conda-forge/osx-arm64/liblzma-5.8.3-h8088a28_1.conda
      - conda: https://prefix.dev/conda-forge/osx-arm64/libsigtool-0.1.3-h98dc951_1.conda
      - conda: https://prefix.dev/conda-forge/osx-arm64/libxml2-16-2.15.4-heb56d2d_0.conda
      - conda: https://prefix.dev/conda-forge/osx-arm64/libxml2-2.15.4-h550178d_0.conda
      - conda: https://prefix.dev/conda-forge/osx-arm64/libzlib-1.3.2-h8088a28_3.conda
      - conda: https://prefix.dev/conda-forge/osx-arm64/llvm-openmp-23.1.2-hdb3d66b_0.conda
      - conda: https://prefix.dev/conda-forge/osx-arm64/llvm-tools-21-21.1.8-h79441dc_1.conda
      - conda: https://prefix.dev/conda-forge/osx-arm64/llvm-tools-21.1.8-hdb3d66b_1.conda
      - conda: https://prefix.dev/conda-forge/osx-arm64/ncurses-6.6-he64c551_1.conda
      - conda: https://prefix.dev/conda-forge/osx-arm64/openssl-3.6.4-h55eecbc_0.conda
      - conda: https://prefix.dev/conda-forge/osx-arm64/sbcl-2.6.9-h74c22ad_0.conda
      - conda: https://prefix.dev/conda-forge/osx-arm64/sigtool-codesign-0.1.3-h98dc951_1.conda
      - conda: https://prefix.dev/conda-forge/osx-arm64/tapi-1600.0.11.8-hb561403_4.conda
      - conda: https://prefix.dev/conda-forge/osx-arm64/zstd-1.5.7-hf451053_7.conda
      - conda: https://prefix.dev/digikar/common-lisp/noarch/acclimation-0.0.0.2024.05.20-h4616a5c_0.conda
      - conda: https://prefix.dev/digikar/common-lisp/noarch/alexandria-0.0.0.2026.05.12-h4616a5c_0.conda
      - conda: https://prefix.dev/digikar/common-lisp/noarch/cl-asdf-3.3.7.4-h4616a5c_2.conda
      - conda: https://prefix.dev/digikar/common-lisp/noarch/cl-babel-0.0.0.2025.09.05-h4616a5c_0.conda
      - conda: https://prefix.dev/digikar/common-lisp/noarch/cl-cffi-0.24.1.2026.08.21-h39481bf_3.conda
      - conda: https://prefix.dev/digikar/common-lisp/noarch/closer-mop-0.0.0.2026.08.29-h4616a5c_0.conda
      - conda: https://prefix.dev/digikar/common-lisp/noarch/concrete-syntax-tree-0.3.0-h4616a5c_0.conda
      - conda: https://prefix.dev/digikar/common-lisp/noarch/eclector-0.12.0-h4616a5c_0.conda
      - conda: https://prefix.dev/digikar/common-lisp/noarch/styled-strings-0.0.0.2026.09.26-h4616a5c_0.conda
      - conda: https://prefix.dev/digikar/common-lisp/noarch/trivial-features-0.0.0.2026.09.08-h4616a5c_0.conda
      - conda: https://prefix.dev/digikar/common-lisp/noarch/trivial-gray-streams-0.0.0.2026.08.17-h4616a5c_0.conda
      win-64:
      - conda: https://prefix.dev/conda-forge/noarch/vswhere-3.1.7-h40126e0_1.conda
      - conda: https://prefix.dev/conda-forge/win-64/_openmp_mutex-4.5-20_gnu.conda
      - conda: https://prefix.dev/conda-forge/win-64/c-compiler-2.0.0-h528c1b4_0.conda
      - conda: https://prefix.dev/conda-forge/win-64/libgcc-16.2.0-h110b43a_7.conda
      - conda: https://prefix.dev/conda-forge/win-64/libgomp-16.2.0-h8ee18e1_7.conda
      - conda: https://prefix.dev/conda-forge/win-64/libwinpthread-12.0.0.r4.gg4f2fc60ca-h57928b3_10.conda
      - conda: https://prefix.dev/conda-forge/win-64/libzlib-1.3.2-hfd05255_3.conda
      - conda: https://prefix.dev/conda-forge/win-64/sbcl-2.6.9-h988cf8d_0.conda
      - conda: https://prefix.dev/conda-forge/win-64/ucrt-10.0.26100.0-h57928b3_0.conda
      - conda: https://prefix.dev/conda-forge/win-64/vc-14.5-ha367084_41.conda
      - conda: https://prefix.dev/conda-forge/win-64/vc14_runtime-14.51.36247-habf1de7_41.conda
      - conda: https://prefix.dev/conda-forge/win-64/vcomp14-14.51.36247-habf1de7_41.conda
      - conda: https://prefix.dev/conda-forge/win-64/vs2022_win-64-19.44.35207-ha74f236_41.conda
      - conda: https://prefix.dev/conda-forge/win-64/zstd-1.5.7-h534d264_7.conda
      - conda: https://prefix.dev/digikar/common-lisp/noarch/acclimation-0.0.0.2024.05.20-h4616a5c_0.conda
      - conda: https://prefix.dev/digikar/common-lisp/noarch/alexandria-0.0.0.2026.05.12-h4616a5c_0.conda
      - conda: https://prefix.dev/digikar/common-lisp/noarch/cl-asdf-3.3.7.4-h4616a5c_2.conda
      - conda: https://prefix.dev/digikar/common-lisp/noarch/cl-babel-0.0.0.2025.09.05-h4616a5c_0.conda
      - conda: https://prefix.dev/digikar/common-lisp/noarch/cl-cffi-0.24.1.2026.08.21-h39481bf_3.conda
      - conda: https://prefix.dev/digikar/common-lisp/noarch/closer-mop-0.0.0.2026.08.29-h4616a5c_0.conda
      - conda: https://prefix.dev/digikar/common-lisp/noarch/concrete-syntax-tree-0.3.0-h4616a5c_0.conda
      - conda: https://prefix.dev/digikar/common-lisp/noarch/eclector-0.12.0-h4616a5c_0.conda
      - conda: https://prefix.dev/digikar/common-lisp/noarch/styled-strings-0.0.0.2026.09.26-h4616a5c_0.conda
      - conda: https://prefix.dev/digikar/common-lisp/noarch/trivial-features-0.0.0.2026.09.08-h4616a5c_0.conda
      - conda: https://prefix.dev/digikar/common-lisp/noarch/trivial-gray-streams-0.0.0.2026.08.17-h4616a5c_0.conda
packages:
- conda: https://prefix.dev/conda-forge/linux-64/_openmp_mutex-4.5-20_gnu.conda
  build_number: 20
  sha256: 1dd3fffd892081df9726d7eb7e0dea6198962ba775bd88842135a4ddb4deb3c9
  md5: a9f577daf3de00bca7c3c76c0ecbd1de
  depends:
  - __glibc >=2.17,<3.0.a0
  - libgomp >=7.5.0
  constrains:
  - openmp_impl <0.0a0
  license: BSD-3-Clause
  license_family: BSD
  run_exports:
    strong:
    - _openmp_mutex >=4.5
  size: 28948
  timestamp: 1770939786096
- conda: https://prefix.dev/conda-forge/linux-64/binutils_impl_linux-64-2.46.1-default_hfdba357_102.conda
  sha256: fb7bf36984a37ce7e4714d1d1da0bd0e3bfc679520f5cdc184afc676fd4b5da2
  md5: a0c5e0b7f58c8ceeb08e5bc41251d5a2
  depends:
  - ld_impl_linux-64 2.46.1 default_hbd61a6d_102
  - sysroot_linux-64
  - zstd >=1.5.7,<1.6.0a0
  license: GPL-3.0-only
  license_family: GPL
  run_exports: {}
  size: 3713752
  timestamp: 1784214522814
- conda: https://prefix.dev/conda-forge/linux-64/c-compiler-2.0.0-ha29393d_0.conda
  sha256: a54488d2b00380f542a2e1aa00dee3d878803a8c2c025dfce852a23685584dc6
  md5: b08763a8d93f2ba35bbf956dab90950b
  depends:
  - gcc 15.*
  license: BSD-3-Clause
  license_family: BSD
  run_exports: {}
  size: 7017
  timestamp: 1786642183250
- conda: https://prefix.dev/conda-forge/linux-64/conda-gcc-specs-15.3.0-h8846f6e_7.conda
  sha256: 395a5928fc78e8545afdb4e9bf074cf90e37ff8287a1f34cd98c9350da6c3095
  md5: da715e003b8f6e6737923cda77f67dbf
  depends:
  - gcc_impl_linux-64 >=15.3.0,<15.3.1.0a0
  license: GPL-3.0-only WITH GCC-exception-3.1
  license_family: GPL
  run_exports: {}
  size: 32760
  timestamp: 1790302817774
- conda: https://prefix.dev/conda-forge/linux-64/gcc-15.3.0-hc6a0c74_7.conda
  sha256: f362d14caab740de46f60d5ca8a4340066704ff573bc0a618030ceca3a2b7f87
  md5: f86312df66bf0d79961e8e185e4f9957
  depends:
  - conda-gcc-specs
  - gcc_impl_linux-64 15.3.0 h6ad849d_7
  license: BSD-3-Clause
  license_family: BSD
  run_exports: {}
  size: 29624
  timestamp: 1790302921468
- conda: https://prefix.dev/conda-forge/linux-64/gcc_impl_linux-64-15.3.0-h6ad849d_7.conda
  sha256: 3c6deaf411a00aef601fb37f3a5e00aa4b85bace1fd2ebad347033aadc543c55
  md5: 61f2e6900de1f2aff25717b332ed6dac
  depends:
  - binutils_impl_linux-64 >=2.46.1
  - libgcc >=15.3.0
  - libgcc-devel_linux-64 15.3.0 h2b852eb_107
  - libgomp >=15.3.0
  - libsanitizer 15.3.0 h54950a5_7
  - libstdcxx >=15.3.0
  - libstdcxx-devel_linux-64 15.3.0 hb2c5482_107
  - sysroot_linux-64
  license: GPL-3.0-only WITH GCC-exception-3.1
  license_family: GPL
  run_exports: {}
  size: 83849972
  timestamp: 1790302722312
- conda: https://prefix.dev/conda-forge/linux-64/ld_impl_linux-64-2.46.1-default_hbd61a6d_102.conda
  sha256: 27d83f1188cd19bcb7754a078b3fa7f4cfb8527f8eb2fde54dd01fc529d1adec
  md5: 449500f2c089da11c40f5c21312e3e07
  depends:
  - __glibc >=2.17,<3.0.a0
  - zstd >=1.5.7,<1.6.0a0
  constrains:
  - binutils_impl_linux-64 2.46.1
  license: GPL-3.0-only
  license_family: GPL
  run_exports: {}
  size: 745303
  timestamp: 1784214507189
- conda: https://prefix.dev/conda-forge/linux-64/libgcc-16.2.0-ha9f2e26_7.conda
  sha256: e031634c3a928f9594eba868bc46ef5230d6571a364a0c63215b06c4563bfcea
  md5: 735629b400b70eeab21a2ba8f5b1c2ce
  depends:
  - __glibc >=2.17,<3.0.a0
  - _openmp_mutex >=4.5
  constrains:
  - libgcc-ng ==16.2.0=*_7
  - libgomp 16.2.0 he0feb66_7
  license: GPL-3.0-only WITH GCC-exception-3.1
  license_family: GPL
  run_exports: {}
  size: 1058444
  timestamp: 1790303109576
- conda: https://prefix.dev/conda-forge/linux-64/libgomp-16.2.0-he0feb66_7.conda
  sha256: 92a0bb350c7be6a4eedcb4e111c60aefd176018e6b1c009a6e025dbe9bbcd758
  md5: d904c7ddd95e026254b4b80808ee9e12
  depends:
  - __glibc >=2.17,<3.0.a0
  license: GPL-3.0-only WITH GCC-exception-3.1
  license_family: GPL
  run_exports:
    strong:
    - _openmp_mutex >=4.5
  size: 640566
  timestamp: 1790303046034
- conda: https://prefix.dev/conda-forge/linux-64/libsanitizer-15.3.0-h54950a5_7.conda
  sha256: 9e5518e38502568f4591be965d48c1a3f79e2da4d74567f1a62e00244cf40222
  md5: 04361d154f650289702f20c0ff86d7be
  depends:
  - __glibc >=2.17,<3.0.a0
  - libgcc >=15.3.0
  - libstdcxx >=15.3.0
  license: GPL-3.0-only WITH GCC-exception-3.1
  license_family: GPL
  run_exports:
    weak:
    - libsanitizer 15.3.0
  size: 8073659
  timestamp: 1790302682129
- conda: https://prefix.dev/conda-forge/linux-64/libstdcxx-16.2.0-h934c35e_7.conda
  sha256: fa7018298629fc429971fffd6ecba3d27a7b02e4e890d6a93ea01ffebe8cb745
  md5: 9b6707e0caca917fa6ea9ee473f37a5d
  depends:
  - __glibc >=2.17,<3.0.a0
  - libgcc 16.2.0 ha9f2e26_7
  constrains:
  - libstdcxx-ng ==16.2.0=*_7
  license: GPL-3.0-only WITH GCC-exception-3.1
  license_family: GPL
  run_exports: {}
  size: 6615436
  timestamp: 1790303132935
- conda: https://prefix.dev/conda-forge/linux-64/libzlib-1.3.2-h25fd6f3_3.conda
  sha256: eb8a0db0aa570124f7d2a93d7c7f596e3390df5e047818d873baad32985fc736
  md5: 0de0122d9570a8ab637c6b73db268389
  depends:
  - __glibc >=2.17,<3.0.a0
  constrains:
  - zlib 1.3.2 *_3
  license: Zlib
  license_family: Other
  run_exports:
    weak:
    - libzlib >=1.3.2,<2.0a0
  size: 63713
  timestamp: 1785362952714
- conda: https://prefix.dev/conda-forge/linux-64/sbcl-2.6.9-h7ddf93c_0.conda
  sha256: 2fa0e759da28f63c3dd5dd5fe31abdf5896ddcd277b3a5cbc59bdd81197481d6
  md5: 68287e62b98a864bd52fb9f879d4ec75
  depends:
  - __glibc >=2.17,<3.0.a0
  - libgcc >=15
  - zstd >=1.5.7,<1.6.0a0
  license: BSD-2-Clause AND MIT
  run_exports: {}
  size: 13331140
  timestamp: 1790445784636
- conda: https://prefix.dev/conda-forge/linux-64/zstd-1.5.7-hb78ec9c_7.conda
  sha256: 47d682b9f6d6ec9eb1a6e6c3e75ea6273e899e78fb7fc59f81d39745009fbc60
  md5: aa459086047c0e5e27023ab19f8cb86a
  depends:
  - __glibc >=2.17,<3.0.a0
  - libzlib >=1.3.2,<2.0a0
  license: BSD-3-Clause
  license_family: BSD
  run_exports:
    weak:
    - zstd >=1.5.7,<1.6.0a0
  size: 601301
  timestamp: 1786599621503
- conda: https://prefix.dev/conda-forge/noarch/ca-certificates-2026.7.22-hbd8a1cb_0.conda
  sha256: 0a0544cf95f64394fe4959286f5c71f5444ad58feb0602e53becb27448d24da6
  md5: 0f51e2391ade309db462a55611263e9c
  depends:
  - __unix
  license: ISC
  run_exports: {}
  size: 131780
  timestamp: 1784754889428
- conda: https://prefix.dev/conda-forge/noarch/compiler-rt21_osx-arm64-21.1.8-hb8825d9_2.conda
  sha256: e7fef79b60a612236b2f4ab84e6d0556fa7f670e32ede52f1217a59213e389d6
  md5: 93f5de189aa3dca7d88ae1d16a0c9754
  constrains:
  - compiler-rt >=9.0.1
  license: Apache-2.0 WITH LLVM-exception
  license_family: APACHE
  run_exports: {}
  size: 10226963
  timestamp: 1787374944374
- conda: https://prefix.dev/conda-forge/noarch/compiler-rt_osx-arm64-21.1.8-hce30654_2.conda
  sha256: 05fded2aca8465080c1f2c6fcbeb0039eff1a1cc84e5ff1b61bab360d317117f
  md5: 1756ab5909480865183f5eee080e66dd
  depends:
  - compiler-rt21_osx-arm64 21.1.8 hb8825d9_2
  constrains:
  - clang 21.1.8
  license: Apache-2.0 WITH LLVM-exception
  license_family: APACHE
  run_exports: {}
  size: 16400
  timestamp: 1787374964124
- conda: https://prefix.dev/conda-forge/noarch/kernel-headers_linux-64-4.18.0-he073ed8_9.conda
  sha256: 41557eeadf641de6aeae49486cef30d02a6912d8da98585d687894afd65b356a
  md5: 86d9cba083cd041bfbf242a01a7a1999
  constrains:
  - sysroot_linux-64 ==2.28
  license: LGPL-2.0-or-later AND LGPL-2.0-or-later WITH exceptions AND GPL-2.0-or-later
  license_family: GPL
  run_exports: {}
  size: 1278712
  timestamp: 1765578681495
- conda: https://prefix.dev/conda-forge/noarch/libgcc-devel_linux-64-15.3.0-h2b852eb_107.conda
  sha256: 5200a1402eb3c3e9b0e4ba38b3cf163be136d020a15477fb86ce6e754d3ae515
  md5: 057ab488a4da13485caa3b672df9824a
  depends:
  - __unix
  license: GPL-3.0-only WITH GCC-exception-3.1
  license_family: GPL
  run_exports: {}
  size: 3085843
  timestamp: 1790302578256
- conda: https://prefix.dev/conda-forge/noarch/libstdcxx-devel_linux-64-15.3.0-hb2c5482_107.conda
  sha256: 4b2d94a9abf2feedea354e4256756c5dc255b84080e7faed9a324a101cf20e74
  md5: edce245dade1c29f691983796b4b8414
  depends:
  - __unix
  license: GPL-3.0-only WITH GCC-exception-3.1
  license_family: GPL
  run_exports: {}
  size: 20673146
  timestamp: 1790302599776
- conda: https://prefix.dev/conda-forge/noarch/sysroot_linux-64-2.28-h4ee821c_9.conda
  sha256: c47299fe37aebb0fcf674b3be588e67e4afb86225be4b0d452c7eb75c086b851
  md5: 13dc3adbc692664cd3beabd216434749
  depends:
  - __glibc >=2.28
  - kernel-headers_linux-64 4.18.0 he073ed8_9
  - tzdata
  license: LGPL-2.0-or-later AND LGPL-2.0-or-later WITH exceptions AND GPL-2.0-or-later
  license_family: GPL
  run_exports:
    strong:
    - __glibc >=2.28,<3.0.a0
  size: 24008591
  timestamp: 1765578833462
- conda: https://prefix.dev/conda-forge/noarch/tzdata-2026c-h151e31d_0.conda
  sha256: b928c30ddcb0e3f544c6eade8352737e6e610e263276b90232db6a578ef899d8
  md5: fcb489df604d100968b737f2cb6076c6
  license: LicenseRef-Public-Domain
  run_exports: {}
  size: 118849
  timestamp: 1784250406640
- conda: https://prefix.dev/conda-forge/noarch/vswhere-3.1.7-h40126e0_1.conda
  sha256: b72270395326dc56de9bd6ca82f63791b3c8c9e2b98e25242a9869a4ca821895
  md5: f622897afff347b715d046178ad745a5
  depends:
  - __win
  license: MIT
  license_family: MIT
  run_exports: {}
  size: 238764
  timestamp: 1745560912727
- conda: https://prefix.dev/conda-forge/osx-arm64/c-compiler-2.0.0-h39478f8_0.conda
  sha256: 5ffde45e6a825e82a0cdd73aa2e23cec5febcd7b6953e37037bdab38343203bb
  md5: 124b89a32eeeea68a3016366de507ee5
  depends:
  - clang 21.*
  license: BSD-3-Clause
  license_family: BSD
  run_exports: {}
  size: 6978
  timestamp: 1786642232392
- conda: https://prefix.dev/conda-forge/osx-arm64/cctools-1030.6.3-llvm21_1_h8e84c17_6.conda
  sha256: 5325a4044f0292d83c3c91b3a84f5e2d9a90803e404da0d940102499c7101fe2
  md5: 8d4aa8689ae07aac4e26a3dabbd17288
  depends:
  - cctools_impl_osx-arm64 1030.6.3 llvm21_1_h2e2604f_6
  - ld64 956.6 llvm21_1_h5d6df6c_6
  - libllvm21 >=21.1.8,<21.2.0a0
  license: APSL-2.0
  license_family: Other
  run_exports: {}
  size: 24301
  timestamp: 1787724419088
- conda: https://prefix.dev/conda-forge/osx-arm64/cctools_impl_osx-arm64-1030.6.3-llvm21_1_h2e2604f_6.conda
  sha256: 018a1c139e1a3f2e2721acfb34e562771797c11b69d12e3c5b862be1c727dbff
  md5: ed827e1d36581308d0170ee137d74ced
  depends:
  - __osx >=11.0
  - ld64_osx-arm64 >=956.6,<956.7.0a0
  - libcxx
  - libllvm21 >=21.1.8,<21.2.0a0
  - libzlib >=1.3.2,<2.0a0
  - llvm-tools 21.1.*
  - sigtool-codesign
  constrains:
  - cctools 1030.6.3.*
  - clang 21.1.*
  - ld64 956.6.*
  license: APSL-2.0
  license_family: Other
  run_exports: {}
  size: 762271
  timestamp: 1787724408080
- conda: https://prefix.dev/conda-forge/osx-arm64/clang-21-21.1.8-default_h4399b93_6.conda
  sha256: 39e371e974b6a8a74cec9f4301bdca51c16573febbfa812f93e8e451c162bf9e
  md5: c7b00dddcd694d2adf0d9b53ca3d1136
  depends:
  - __osx >=11.0
  - compiler-rt21 21.1.8.*
  - libclang-cpp21.1 21.1.8 default_h4399b93_6
  - libcxx >=21.1.8
  - libllvm21 >=21.1.8,<21.2.0a0
  license: Apache-2.0 WITH LLVM-exception
  license_family: Apache
  run_exports: {}
  size: 819338
  timestamp: 1787460800427
- conda: https://prefix.dev/conda-forge/osx-arm64/clang-21.1.8-default_cfg_h7f0254a_6.conda
  sha256: fa546d1b4bb7bdfe6ded986da678d140cd11f5682dd8e302c69fe7a0f74e24b4
  md5: 4c92f594715cc9a9e13bb52358c5609c
  depends:
  - cctools
  - clang-21 21.1.8.* default_*
  - clang_impl_osx-arm64 21.1.8 default_hc11f16d_6
  - ld64
  - ld64_osx-arm64 * llvm21_1_*
  - llvm-openmp >=21.1.8
  - llvm-tools 21.1.8.*
  license: Apache-2.0 WITH LLVM-exception
  license_family: Apache
  run_exports: {}
  size: 28809
  timestamp: 1787460825258
- conda: https://prefix.dev/conda-forge/osx-arm64/clang_impl_osx-arm64-21.1.8-default_hc11f16d_6.conda
  sha256: 612e5f7072e60ed3591f992d6a9039cce234d9f666a8ab6967a2c3c2a8637ea5
  md5: 2862f9e7af5eaa6462a3aca336806d43
  depends:
  - cctools_impl_osx-arm64
  - clang-21 21.1.8.* default_*
  - compiler-rt 21.1.8.*
  - compiler-rt_osx-arm64 21.1.8.*
  - ld64_osx-arm64 * llvm21_1_*
  license: Apache-2.0 WITH LLVM-exception
  license_family: Apache
  run_exports: {}
  size: 28353
  timestamp: 1787460823809
- conda: https://prefix.dev/conda-forge/osx-arm64/compiler-rt-21.1.8-hce30654_2.conda
  sha256: 624b8923052bf0cea5ae6ee422f18e73594f76cd4e9b7fc7565f51b256275c92
  md5: 129de7382248e851078a1c4bbde92756
  depends:
  - compiler-rt21 21.1.8 hdb3d66b_2
  - libcompiler-rt 21.1.8 hdb3d66b_2
  constrains:
  - clang 21.1.8
  license: Apache-2.0 WITH LLVM-exception
  license_family: APACHE
  run_exports: {}
  size: 16236
  timestamp: 1787374964487
- conda: https://prefix.dev/conda-forge/osx-arm64/compiler-rt21-21.1.8-hdb3d66b_2.conda
  sha256: 5557bddc870924ec1a1dd24900672229b5cef3e7b6b14d647d220b5f9810767f
  md5: df63e236c76f7b443db681db51a73682
  depends:
  - __osx >=11.0
  - compiler-rt21_osx-arm64 21.1.8.*
  license: Apache-2.0 WITH LLVM-exception
  license_family: APACHE
  run_exports: {}
  size: 99569
  timestamp: 1787374963563
- conda: https://prefix.dev/conda-forge/osx-arm64/icu-78.3-py310h579977c_2.conda
  sha256: 6cdb5dee54c72e56ab189fb3ad33cb28533553d42590e7e831160248f4416a43
  md5: a5efc0b42bb8b42e97d0a29ae3e3c187
  depends:
  - __osx >=11.0
  license: MIT
  license_family: MIT
  run_exports:
    weak:
    - icu >=78.3,<79.0a0
  size: 14070242
  timestamp: 1786545847761
- conda: https://prefix.dev/conda-forge/osx-arm64/ld64-956.6-llvm21_1_h5d6df6c_6.conda
  sha256: 0d797d56fd1c37023923a363793cb426452453603f36986a7db671cb77dbda8f
  md5: 4a7bce9254a49f75ed4b7a02fcd3891b
  depends:
  - ld64_osx-arm64 956.6 llvm21_1_h1a10cc4_6
  - libllvm21 >=21.1.8,<21.2.0a0
  constrains:
  - cctools 1030.6.3.*
  - cctools_osx-arm64 1030.6.3.*
  license: APSL-2.0
  license_family: Other
  run_exports: {}
  size: 21643
  timestamp: 1787724413801
- conda: https://prefix.dev/conda-forge/osx-arm64/ld64_osx-arm64-956.6-llvm21_1_h1a10cc4_6.conda
  sha256: 6334685852bd2deb6c30770d5e355966228ae998fb9de513fa0d7bdb8d9d3034
  md5: 7d8a2267ffe4bf8713e289cac7d86e62
  depends:
  - __osx >=11.0
  - libcxx
  - libllvm21 >=21.1.8,<21.2.0a0
  - sigtool-codesign
  - tapi >=1600.0.11.8,<1601.0a0
  constrains:
  - cctools 1030.6.3.*
  - cctools_impl_osx-arm64 1030.6.3.*
  - clang 21.1.*
  - ld64 956.6.*
  license: APSL-2.0
  license_family: Other
  run_exports: {}
  size: 984335
  timestamp: 1787724392255
- conda: https://prefix.dev/conda-forge/osx-arm64/libclang-cpp21.1-21.1.8-default_h4399b93_6.conda
  sha256: 024ea5de27ed275003d2968579aae265059eb2dc8a27d741243d7037d1983f26
  md5: 76123dc601c7fa451a3cd0cffd3dc122
  depends:
  - __osx >=11.0
  - libcxx >=21.1.8
  - libllvm21 >=21.1.8,<21.2.0a0
  license: Apache-2.0 WITH LLVM-exception
  license_family: Apache
  run_exports:
    weak:
    - libclang-cpp21.1 >=21.1.8,<21.2.0a0
  size: 13700434
  timestamp: 1787460755337
- conda: https://prefix.dev/conda-forge/osx-arm64/libcompiler-rt-21.1.8-hdb3d66b_2.conda
  sha256: 20e87238247ff01824095f96de08980bdf5b80bc81e69e6d27b6786bc20a0262
  md5: 13bb416a04cefad0b5c5870adb461f05
  depends:
  - __osx >=11.0
  constrains:
  - compiler-rt >=9.0.1
  license: Apache-2.0 WITH LLVM-exception
  license_family: APACHE
  run_exports:
    weak:
    - libcompiler-rt >=21.1.8
  size: 1331133
  timestamp: 1787374959415
- conda: https://prefix.dev/conda-forge/osx-arm64/libcxx-23.1.2-h55c6f16_0.conda
  sha256: 087a610bacee7901d259ef72c6f060d795ab26831bd7541ba75ced786a5a63f9
  md5: 01af3f03d850cbab9ae9b86d726a9921
  depends:
  - __osx >=11.0
  license: Apache-2.0 WITH LLVM-exception
  license_family: Apache
  run_exports: {}
  size: 579372
  timestamp: 1790163402114
- conda: https://prefix.dev/conda-forge/osx-arm64/libiconv-1.18-he4c29f2_3.conda
  sha256: 689a14968267f2f97c07112fca5636e7d756036b9aee969911267c20bd3eea1f
  md5: 17f4744c0873e9f77ac9b5cd0a27c187
  depends:
  - __osx >=11.0
  license: LGPL-2.1-only
  run_exports:
    weak:
    - libiconv >=1.18,<2.0a0
  size: 750816
  timestamp: 1787033961086
- conda: https://prefix.dev/conda-forge/osx-arm64/libllvm21-21.1.8-h759d1ac_1.conda
  sha256: 8db5628b9431043d5e07dcdff6f4e2e50b654b9b15f1fb5370523ec5482e0b97
  md5: ecef0bb48f6401ce6e99bedaa24c78be
  depends:
  - __osx >=11.0
  - libcxx >=21
  - libxml2
  - libxml2-16 >=2.15.3
  - libzlib >=1.3.2,<2.0a0
  - zstd >=1.5.7,<1.6.0a0
  license: Apache-2.0 WITH LLVM-exception
  license_family: Apache
  run_exports:
    weak:
    - libllvm21 >=21.1.8,<21.2.0a0
  size: 29629677
  timestamp: 1787364227487
- conda: https://prefix.dev/conda-forge/osx-arm64/liblzma-5.8.3-h8088a28_1.conda
  sha256: 23d0630046a3e8b164d8f80f2b74ed2605af2e7050ab9913018056402fae4311
  md5: 8ab10323068b107661a4b9a4af84f3b5
  depends:
  - __osx >=11.0
  constrains:
  - xz 5.8.3.*
  license: 0BSD
  run_exports:
    weak:
    - liblzma >=5.8.3,<6.0a0
  size: 91720
  timestamp: 1786348695846
- conda: https://prefix.dev/conda-forge/osx-arm64/libsigtool-0.1.3-h98dc951_1.conda
  sha256: fcfa03afe31f40dfabf011629d99836adbebbc3ed1b38c7e9eee9ffc7581975b
  md5: c70eb797aa92a294b09ef8f41f6bd578
  depends:
  - __osx >=11.0
  - openssl >=3.5.7,<4.0a0
  license: MIT
  license_family: MIT
  run_exports: {}
  size: 36651
  timestamp: 1786115069018
- conda: https://prefix.dev/conda-forge/osx-arm64/libxml2-16-2.15.4-heb56d2d_0.conda
  sha256: 8a26f7c94ab849c1930da36c298f4b82e892382b70ae865cd7274188d9d783e2
  md5: b40633f711a5eb8617917e0e944b9965
  depends:
  - __osx >=11.0
  - icu >=78.3,<79.0a0
  - libiconv >=1.18,<2.0a0
  - liblzma >=5.8.3,<6.0a0
  - libzlib >=1.3.2,<2.0a0
  constrains:
  - libxml2 2.15.4
  license: MIT
  license_family: MIT
  run_exports: {}
  size: 469299
  timestamp: 1788635201153
- conda: https://prefix.dev/conda-forge/osx-arm64/libxml2-2.15.4-h550178d_0.conda
  sha256: 81217fcd4d4abdc69ee63cdb9cdb22e05a20b9ba7a76f596579914a838fe5960
  md5: 4b97a34d06740b578c32deba195daf5a
  depends:
  - __osx >=11.0
  - icu >=78.3,<79.0a0
  - libiconv >=1.18,<2.0a0
  - liblzma >=5.8.3,<6.0a0
  - libxml2-16 2.15.4 heb56d2d_0
  - libzlib >=1.3.2,<2.0a0
  license: MIT
  license_family: MIT
  run_exports:
    weak:
    - libxml2
    - libxml2-16 >=2.15.4
  size: 41375
  timestamp: 1788635206084
- conda: https://prefix.dev/conda-forge/osx-arm64/libzlib-1.3.2-h8088a28_3.conda
  sha256: a18fa5d5bac452401459f966cf0d872224e8080c4ff93c77e168d43ab42ef9d7
  md5: f39288f0ea63ae962e1a2e4f355a0d75
  depends:
  - __osx >=11.0
  constrains:
  - zlib 1.3.2 *_3
  license: Zlib
  license_family: Other
  run_exports:
    weak:
    - libzlib >=1.3.2,<2.0a0
  size: 47822
  timestamp: 1785277049190
- conda: https://prefix.dev/conda-forge/osx-arm64/llvm-openmp-23.1.2-hdb3d66b_0.conda
  sha256: f9aea67117079c00b9663ee0bbca7e5409dbe94625c34e68881ce2c97c3d47c9
  md5: 97fa48b6e1d996689e6d3f822a41f1bf
  depends:
  - __osx >=11.0
  constrains:
  - intel-openmp <0.0a0
  - openmp 23.1.2|23.1.2.*
  license: Apache-2.0 WITH LLVM-exception
  license_family: APACHE
  run_exports:
    strong:
    - llvm-openmp >=23.1.2
  size: 287714
  timestamp: 1790195505384
- conda: https://prefix.dev/conda-forge/osx-arm64/llvm-tools-21-21.1.8-h79441dc_1.conda
  sha256: 758cf9c842b4a3678f52c768b66bbfdb812a715601edb9b75c577249d448e33c
  md5: 269fcdde9a200135f812c74785c08615
  depends:
  - __osx >=11.0
  - libcxx >=21
  - libllvm21 21.1.8 h759d1ac_1
  - libzlib >=1.3.2,<2.0a0
  - zstd >=1.5.7,<1.6.0a0
  license: Apache-2.0 WITH LLVM-exception
  license_family: Apache
  run_exports: {}
  size: 18536625
  timestamp: 1787364291969
- conda: https://prefix.dev/conda-forge/osx-arm64/llvm-tools-21.1.8-hdb3d66b_1.conda
  sha256: f3ae2d3cc10de67fcee0e72998d4f67cb7c01bdfc428c51f78a7a59dc6f9b0c2
  md5: 50fd053bd7140fd31e79bbc61ecef3f1
  depends:
  - __osx >=11.0
  - libllvm21 21.1.8 h759d1ac_1
  - llvm-tools-21 21.1.8 h79441dc_1
  constrains:
  - clang       21.1.8
  - clang-tools 21.1.8
  - llvm        21.1.8
  - llvmdev     21.1.8
  license: Apache-2.0 WITH LLVM-exception
  license_family: Apache
  run_exports: {}
  size: 89113
  timestamp: 1787364323163
- conda: https://prefix.dev/conda-forge/osx-arm64/ncurses-6.6-he64c551_1.conda
  sha256: 7024a48c8c0d0114ed4ab53c76bf9275d50e91ba7cea367a9aead638d3c29c68
  md5: 3dfa0d0316dc246cd44937a557de4501
  depends:
  - __osx >=11.0
  license: X11 AND BSD-3-Clause
  run_exports:
    weak:
    - ncurses >=6.6,<7.0a0
  size: 804298
  timestamp: 1786355189145
- conda: https://prefix.dev/conda-forge/osx-arm64/openssl-3.6.4-h55eecbc_0.conda
  sha256: f23239eacd75c4c50705e68fae1aa3292da473e6a3a4abe2330f1e6afa680704
  md5: ae71ab40048c19a389a7dcccb86c2481
  depends:
  - __osx >=11.0
  - ca-certificates
  license: Apache-2.0
  license_family: Apache
  run_exports:
    weak:
    - openssl >=3.6.4,<4.0a0
  size: 3110142
  timestamp: 1787698648639
- conda: https://prefix.dev/conda-forge/osx-arm64/sbcl-2.6.9-h74c22ad_0.conda
  sha256: ab48b7303ee07286d0d7a73434b54108257e0e17c925099a65d2c46cdc10bf9b
  md5: 0f64d40bdacfda9457298688f472b17b
  depends:
  - __osx >=11.0
  license: BSD-2-Clause AND MIT
  run_exports: {}
  size: 11597740
  timestamp: 1790445741893
- conda: https://prefix.dev/conda-forge/osx-arm64/sigtool-codesign-0.1.3-h98dc951_1.conda
  sha256: 7efd6d7d18bf9cc5788bfe1c1e1620d9dbbe00a81c646814929a82ff31944cf3
  md5: a322c0a0d3b5be99ee11f9ccec99b60e
  depends:
  - __osx >=11.0
  - libsigtool 0.1.3 h98dc951_1
  - openssl >=3.5.7,<4.0a0
  license: MIT
  license_family: MIT
  run_exports: {}
  size: 114653
  timestamp: 1786115093248
- conda: https://prefix.dev/conda-forge/osx-arm64/tapi-1600.0.11.8-hb561403_4.conda
  sha256: 6effea9587f049e702c838e8e57d98ac92b89ca1f3f1edd51c78dd252d24e83b
  md5: fdb31cc6c306f60e194f29f17397a63c
  depends:
  - libcxx >=19.0.0.a0
  - __osx >=11.0
  - ncurses >=6.6,<7.0a0
  license: NCSA
  run_exports: {}
  size: 202107
  timestamp: 1789668272580
- conda: https://prefix.dev/conda-forge/osx-arm64/zstd-1.5.7-hf451053_7.conda
  sha256: da867f5092eb0cb746d353694f0098031fd9817a4ce7d5743121209ae0f406ca
  md5: 4ec2684c73812cc2c3d78379384a39cc
  depends:
  - __osx >=11.0
  - libzlib >=1.3.2,<2.0a0
  license: BSD-3-Clause
  license_family: BSD
  run_exports:
    weak:
    - zstd >=1.5.7,<1.6.0a0
  size: 433687
  timestamp: 1786599629846
- conda: https://prefix.dev/conda-forge/win-64/_openmp_mutex-4.5-20_gnu.conda
  build_number: 20
  sha256: 8a1cee28bd0ee7451ada1cd50b64720e57e17ff994fc62dd8329bef570d382e4
  md5: 1626967b574d1784b578b52eaeb071e7
  depends:
  - libgomp >=7.5.0
  - libwinpthread >=12.0.0.r4.gg4f2fc60ca
  constrains:
  - openmp_impl <0.0a0
  - msys2-conda-epoch <0.0a0
  license: BSD-3-Clause
  license_family: BSD
  run_exports:
    strong:
    - _openmp_mutex >=4.5
  size: 52252
  timestamp: 1770943776666
- conda: https://prefix.dev/conda-forge/win-64/c-compiler-2.0.0-h528c1b4_0.conda
  sha256: 3516b8cde71867a760751b13da272067d1b24c5ffbbfe29cf2684543c818acc1
  md5: b5f15b40f1869ae67daddf65d50d657d
  depends:
  - vs2022_win-64
  license: BSD-3-Clause
  license_family: BSD
  run_exports: {}
  size: 7275
  timestamp: 1786642197645
- conda: https://prefix.dev/conda-forge/win-64/libgcc-16.2.0-h110b43a_7.conda
  sha256: 59feb6d16cba13a70f22dae70a44670eb2cc45e652e9a34a014814c2ca871132
  md5: bd1e0d06981ae43e35c1ebb50e268c59
  depends:
  - _openmp_mutex >=4.5
  - libwinpthread >=12.0.0.r4.gg4f2fc60ca
  constrains:
  - libgcc-ng ==16.2.0=*_7
  - libgomp 16.2.0 h8ee18e1_7
  - msys2-conda-epoch <0.0a0
  license: GPL-3.0-only WITH GCC-exception-3.1
  license_family: GPL
  run_exports: {}
  size: 826913
  timestamp: 1790304405241
- conda: https://prefix.dev/conda-forge/win-64/libgomp-16.2.0-h8ee18e1_7.conda
  sha256: 4b8a747f047d069ccd2a6cf2f4fdbc6b0c0e4dcd840998d1fe607b8c234e707b
  md5: 1725e0c19dd2f01de09805536c4f3b51
  depends:
  - libwinpthread >=12.0.0.r4.gg4f2fc60ca
  constrains:
  - msys2-conda-epoch <0.0a0
  license: GPL-3.0-only WITH GCC-exception-3.1
  license_family: GPL
  run_exports:
    strong:
    - _openmp_mutex >=4.5
    - libgomp >=16.2.0
  size: 688609
  timestamp: 1790304345963
- conda: https://prefix.dev/conda-forge/win-64/libwinpthread-12.0.0.r4.gg4f2fc60ca-h57928b3_10.conda
  sha256: 0fccf2d17026255b6e10ace1f191d0a2a18f2d65088fd02430be17c701f8ffe0
  md5: 8a86073cf3b343b87d03f41790d8b4e5
  depends:
  - ucrt
  constrains:
  - pthreads-win32 <0.0a0
  - msys2-conda-epoch <0.0a0
  license: MIT AND BSD-3-Clause-Clear
  run_exports: {}
  size: 36621
  timestamp: 1759768399557
- conda: https://prefix.dev/conda-forge/win-64/libzlib-1.3.2-hfd05255_3.conda
  sha256: 0629c2cc0404d3bb29d6baa7b4ba62da80797015e86de050db81ea5a07050527
  md5: 5d2ff29d465097458cc3ff6569151991
  depends:
  - ucrt >=10.0.20348.0
  - vc >=14.3,<15
  - vc14_runtime >=14.44.35208
  constrains:
  - zlib 1.3.2 *_3
  license: Zlib
  license_family: Other
  run_exports:
    weak:
    - libzlib >=1.3.2,<2.0a0
  size: 58529
  timestamp: 1785276664143
- conda: https://prefix.dev/conda-forge/win-64/sbcl-2.6.9-h988cf8d_0.conda
  sha256: 37f211f910ff75263b162cc1b43a5e57d16dba05c67c37e2a553953f5f8c37ce
  md5: 1a1fdeeadbaadeb4786cb7d31f21c056
  depends:
  - libgcc >=15
  - ucrt >=10.0.20348.0
  - vc >=14.5,<15
  - vc14_runtime >=14.51.36247
  - zstd >=1.5.7,<1.6.0a0
  license: BSD-2-Clause AND MIT
  run_exports: {}
  size: 13300611
  timestamp: 1790445737933
- conda: https://prefix.dev/conda-forge/win-64/ucrt-10.0.26100.0-h57928b3_0.conda
  sha256: 3005729dce6f3d3f5ec91dfc49fc75a0095f9cd23bab49efb899657297ac91a5
  md5: 71b24316859acd00bdb8b38f5e2ce328
  constrains:
  - vc14_runtime >=14.29.30037
  - vs2015_runtime >=14.29.30037
  license: LicenseRef-MicrosoftWindowsSDK10
  run_exports: {}
  size: 694692
  timestamp: 1756385147981
- conda: https://prefix.dev/conda-forge/win-64/vc-14.5-ha367084_41.conda
  sha256: 35444c55a92e2f7f7ba26bc70f81e56e52344f7d064c0fd4b40a46a58517b79c
  md5: aa805b5522c2a98fa286e551a1f48546
  depends:
  - vc14_runtime >=14.51.36247
  track_features:
  - vc14
  license: BSD-3-Clause
  license_family: BSD
  run_exports: {}
  size: 21383
  timestamp: 1785359368566
- conda: https://prefix.dev/conda-forge/win-64/vc14_runtime-14.51.36247-habf1de7_41.conda
  sha256: 4e4cb599cdc41bf2109d1464c127b5bcbddf548ce3e322e612afb691338b48f8
  md5: ac5333bb3d429361f23adf704cc49a78
  depends:
  - ucrt >=10.0.20348.0
  - vcomp14 14.51.36247 habf1de7_41
  constrains:
  - vs2015_runtime 14.51.36247.* *_41
  license: LicenseRef-MicrosoftVisualCpp2015-2022Runtime
  license_family: Proprietary
  run_exports: {}
  size: 767955
  timestamp: 1785359364369
- conda: https://prefix.dev/conda-forge/win-64/vcomp14-14.51.36247-habf1de7_41.conda
  sha256: 731e043390c9457299484d39e427221fc868a9249540a498a5a4f6456c7744d1
  md5: 350bb67a5c8e5f1c53347ac544ab6600
  depends:
  - ucrt >=10.0.20348.0
  constrains:
  - vs2015_runtime 14.51.36247.* *_41
  license: LicenseRef-MicrosoftVisualCpp2015-2022Runtime
  license_family: Proprietary
  run_exports:
    strong:
    - vcomp14 >=14.51.36247
  size: 155910
  timestamp: 1785359349999
- conda: https://prefix.dev/conda-forge/win-64/vs2022_win-64-19.44.35207-ha74f236_41.conda
  sha256: 9d7d1b43cf4af5a8e8b1646175c9f899ffbcab189a33ac41127a96e7bcf41af0
  md5: 04190e0ebd886433300ce9343ee98942
  depends:
  - vswhere
  constrains:
  - vs_win-64 2022.14
  track_features:
  - vc14
  license: BSD-3-Clause
  license_family: BSD
  run_exports:
    strong:
    - vc >=14.3,<15
    - vc14_runtime >=14.44.35208
    - ucrt >=10.0.20348.0
  size: 25462
  timestamp: 1785358620723
- conda: https://prefix.dev/conda-forge/win-64/zstd-1.5.7-h534d264_7.conda
  sha256: ca7daae4f218a11fab82cc2857f0ea518ec3f46acec60490485347a4c22c6b3e
  md5: e4ac308c39d6d0e131154976da67cf3b
  depends:
  - vc >=14.3,<15
  - vc14_runtime >=14.44.35208
  - ucrt >=10.0.20348.0
  - libzlib >=1.3.2,<2.0a0
  license: BSD-3-Clause
  license_family: BSD
  run_exports:
    weak:
    - zstd >=1.5.7,<1.6.0a0
  size: 387535
  timestamp: 1786599623274
- conda: https://prefix.dev/digikar/common-lisp/noarch/acclimation-0.0.0.2024.05.20-h4616a5c_0.conda
  sha256: bcd0e2adbfca2bedffa0caa49d22c9def9d72aedeaa036e74016485ad200959f
  md5: 83bda4734bc02e0f601c29d85f1cef4c
  depends:
  - sbcl
  - cl-asdf
  channel: https://prefix.dev/common-lisp/common-lisp
  license: BSD-2-Clause
  run_exports: {}
  size: 12048
  timestamp: 1788986564049
- conda: https://prefix.dev/digikar/common-lisp/noarch/alexandria-0.0.0.2026.05.12-h4616a5c_0.conda
  sha256: 2b54ed25213fd1986b77760cbbe981b169d1be75425424359625555631631010
  md5: a2a0b0131e697e808e5d52095b3dfd6c
  depends:
  - sbcl
  - cl-asdf
  channel: https://prefix.dev/common-lisp/common-lisp
  license: Unlicense
  run_exports: {}
  size: 60877
  timestamp: 1788616769361
- conda: https://prefix.dev/digikar/common-lisp/noarch/cl-asdf-3.3.7.4-h4616a5c_2.conda
  sha256: 1ed6d342944e127350f86f794f4f0c850ed3aa98e52170a4911e106209c40f57
  md5: 4b75e34af3127c0dfbfddbb336e2f98f
  depends:
  - sbcl
  channel: https://prefix.dev/common-lisp/common-lisp
  license: MIT
  run_exports: {}
  size: 458726
  timestamp: 1789325144124
- conda: https://prefix.dev/digikar/common-lisp/noarch/cl-babel-0.0.0.2025.09.05-h4616a5c_0.conda
  sha256: fc2be6d9c7643cc0816f360254a2f5394704677e0a4324ae44e4118f686e3550
  md5: 0f06a3977efc79ba42c5b567f446ec6a
  depends:
  - sbcl
  - cl-asdf
  - alexandria
  - trivial-features
  - trivial-gray-streams
  channel: https://prefix.dev/common-lisp/common-lisp
  license: MIT
  run_exports: {}
  size: 242707
  timestamp: 1788632792354
- conda: https://prefix.dev/digikar/common-lisp/noarch/cl-cffi-0.24.1.2026.08.21-h39481bf_3.conda
  sha256: 1b8235a571de42446fe139cd79d85408e8892cc6a696679fbea1c54ad060a49a
  md5: 248f8302f00df1120a9cb733b1549e91
  depends:
  - sbcl
  - cl-asdf
  - alexandria
  - trivial-features
  - cl-babel
  channel: https://prefix.dev/common-lisp/common-lisp
  license: MIT
  run_exports: {}
  size: 105037
  timestamp: 1790974900738
- conda: https://prefix.dev/digikar/common-lisp/noarch/closer-mop-0.0.0.2026.08.29-h4616a5c_0.conda
  sha256: 23690ac0a8319f73f413acf5028b55236b6b87cbc4300054e38478820c1c9417
  md5: 09d346f2e02f8d8369ed0f655a5d73b6
  depends:
  - sbcl
  - cl-asdf
  channel: https://prefix.dev/common-lisp/common-lisp
  license: MIT
  run_exports: {}
  size: 25724
  timestamp: 1788617877877
- conda: https://prefix.dev/digikar/common-lisp/noarch/concrete-syntax-tree-0.3.0-h4616a5c_0.conda
  sha256: 8562a1256c00f4b32dbc139491593513d4b90ec10cfe7075dcf4b272f5866bd4
  md5: d53a1527abe9b53e99e60084c3fff11f
  depends:
  - sbcl
  - cl-asdf
  - acclimation
  channel: https://prefix.dev/common-lisp/common-lisp
  license: BSD-2-Clause
  run_exports: {}
  size: 59224
  timestamp: 1788987061506
- conda: https://prefix.dev/digikar/common-lisp/noarch/eclector-0.12.0-h4616a5c_0.conda
  sha256: 00bc1b17bd06bae864d392d44e45e6fa75adb4afa514428d54f6413ade47f9d2
  md5: 5d43876e244ff6e44fd8651e291ef005
  depends:
  - sbcl
  - cl-asdf
  - alexandria
  - closer-mop
  - concrete-syntax-tree >=0.3.0
  channel: https://prefix.dev/common-lisp/common-lisp
  license: BSD-2-Clause
  run_exports: {}
  size: 2822017
  timestamp: 1788987526312
- conda: https://prefix.dev/digikar/common-lisp/noarch/styled-strings-0.0.0.2026.09.26-h4616a5c_0.conda
  sha256: 05c108d01ac09da0dd3b3cfda4ff147826343d5960118823c99592782d73998c
  md5: 8f99df049ba5cbae08482d9cf0ba2a89
  depends:
  - sbcl
  - cl-asdf
  - alexandria
  channel: https://prefix.dev/common-lisp/common-lisp
  license: MIT
  run_exports: {}
  size: 67474
  timestamp: 1790495957150
- conda: https://prefix.dev/digikar/common-lisp/noarch/trivial-features-0.0.0.2026.09.08-h4616a5c_0.conda
  sha256: 84c464808b06aebb49db113e7f1243581ec7350c2eecacfe31b7a2e25dbf5913
  md5: 24603bb4f105290a9ff8a008c396bf0b
  depends:
  - sbcl
  - cl-asdf
  channel: https://prefix.dev/common-lisp/common-lisp
  license: MIT
  run_exports: {}
  size: 16993
  timestamp: 1789251525820
- conda: https://prefix.dev/digikar/common-lisp/noarch/trivial-gray-streams-0.0.0.2026.08.17-h4616a5c_0.conda
  sha256: e4beb9d78eece3dc43eb0d916ba72de37a7a8f807665faac697180fe5e9cd3ea
  md5: 545e8af8729a2bda70b363b8718d2e4f
  depends:
  - sbcl
  - cl-asdf
  channel: https://prefix.dev/common-lisp/common-lisp
  license: MIT
  run_exports: {}
  size: 13565
  timestamp: 1788620787025
